{
  "originHash" : "d40d440c57962ef2d7a01ca1735befe56d462885218cd4efca99b1932b71897b",
  "pins" : [
    {
      "identity" : "swift-syntax",
      "kind" : "remoteSourceControl",
      "location" : "https://github.com/swiftlang/swift-syntax.git",
      "state" : {
        "revision" : "4799286537280063c85a32f09884cfbca301b1a1",
        "version" : "602.0.0"
      }
    },
    {
      "identity" : "swift-testing",
      "kind" : "remoteSourceControl",
      "location" : "https://github.com/swiftlang/swift-testing.git",
      "state" : {
        "branch" : "release/6.2.2",
        "revision" : "3a645830884aa4e5c1344c933e4de6984c215fca"
      }
    }
  ],
  "version" : 3
}
